PODS:
  - AFNetworking (2.2.1):
    - AFNetworking/NSURLConnection (= 2.2.1)
    - AFNetworking/NSURLSession (= 2.2.1)
    - AFNetworking/Reachability (= 2.2.1)
    - AFNetworking/Security (= 2.2.1)
    - AFNetworking/Serialization (= 2.2.1)
    - AFNetworking/UIKit (= 2.2.1)
  - AFNetworking/NSURLConnection (2.2.1):
    - AFNetworking/Reachability
    - AFNetworking/Security
    - AFNetworking/Serialization
  - AFNetworking/NSURLSession (2.2.1):
    - AFNetworking/NSURLConnection
  - AFNetworking/Reachability (2.2.1)
  - AFNetworking/Security (2.2.1)
  - AFNetworking/Serialization (2.2.1)
  - AFNetworking/UIKit (2.2.1):
    - AFNetworking/NSURLConnection
    - AFNetworking/NSURLSession
  - Bolts (1.6.0):
    - Bolts/AppLinks (= 1.6.0)
    - Bolts/Tasks (= 1.6.0)
  - Bolts/AppLinks (1.6.0):
    - Bolts/Tasks
  - Bolts/Tasks (1.6.0)
  - boost (1.51.0):
    - boost/graph-includes (= 1.51.0)
    - boost/math-includes (= 1.51.0)
    - boost/numeric-includes (= 1.51.0)
    - boost/pointer_cast-includes (= 1.51.0)
    - boost/preprocessor-includes (= 1.51.0)
    - boost/shared_ptr-includes (= 1.51.0)
    - boost/string_algorithms-includes (= 1.51.0)
  - boost/graph-includes (1.51.0)
  - boost/math-includes (1.51.0)
  - boost/numeric-includes (1.51.0)
  - boost/pointer_cast-includes (1.51.0)
  - boost/preprocessor-includes (1.51.0)
  - boost/shared_ptr-includes (1.51.0)
  - boost/string_algorithms-includes (1.51.0)
  - CocoaLumberjack (1.7.0):
    - CocoaLumberjack/Core (= 1.7.0)
    - CocoaLumberjack/Extensions (= 1.7.0)
  - CocoaLumberjack/Core (1.7.0)
  - CocoaLumberjack/Extensions (1.7.0):
    - CocoaLumberjack/Core
  - DTCoreText (1.6.16):
    - DTFoundation/Core (~> 1.7.5)
    - DTFoundation/DTAnimatedGIF (~> 1.7.5)
    - DTFoundation/DTHTMLParser (~> 1.7.5)
    - DTFoundation/UIKit (~> 1.7.5)
  - DTFoundation/Core (1.7.8)
  - DTFoundation/DTAnimatedGIF (1.7.8)
  - DTFoundation/DTHTMLParser (1.7.8):
    - DTFoundation/Core
  - DTFoundation/UIKit (1.7.8):
    - DTFoundation/Core
  - DXCustomCallout-ObjC (0.2.0)
  - EAIntroView (2.8.1):
    - EARestrictedScrollView (~> 0.2.0)
  - EARestrictedScrollView (0.2.0)
  - FBSDKCoreKit (4.9.1):
    - Bolts (~> 1.5)
  - FBSDKLoginKit (4.9.1):
    - FBSDKCoreKit
  - FBSDKShareKit (4.9.1):
    - FBSDKCoreKit
  - FlatUIKit (1.6.2)
  - FMDB (2.6):
    - FMDB/standard (= 2.6)
  - FMDB/standard (2.6)
  - FXImageView (1.3.5)
  - glm (0.9.4.6)
  - Google-Maps-iOS-Utils (1.0.1):
    - Google-Maps-iOS-Utils/Clustering (= 1.0.1)
    - Google-Maps-iOS-Utils/QuadTree (= 1.0.1)
    - GoogleMaps
  - Google-Maps-iOS-Utils/Clustering (1.0.1):
    - Google-Maps-iOS-Utils/QuadTree
    - GoogleMaps
  - Google-Maps-iOS-Utils/QuadTree (1.0.1):
    - GoogleMaps
  - Google/Analytics (2.0.3):
    - Google/Core
    - GoogleAnalytics (~> 3.12)
  - Google/Core (2.0.3):
    - GoogleInterchangeUtilities (~> 1.0)
    - GoogleNetworkingUtilities (~> 1.0)
    - GoogleSymbolUtilities (~> 1.0)
    - GoogleUtilities (~> 1.1)
  - GoogleAnalytics (3.14.0)
  - GoogleInterchangeUtilities (1.2.0):
    - GoogleSymbolUtilities (~> 1.0)
  - GoogleMaps (2.0.1):
    - GoogleMaps/Maps (= 2.0.1)
  - GoogleMaps/Base (2.0.1)
  - GoogleMaps/Maps (2.0.1):
    - GoogleMaps/Base (= 2.0.1)
  - GoogleNetworkingUtilities (1.2.0):
    - GoogleSymbolUtilities (~> 1.0)
  - GooglePlaces (2.0.1):
    - GoogleMaps/Base (= 2.0.1)
  - GoogleSymbolUtilities (1.1.0)
  - GoogleUtilities (1.2.0):
    - GoogleSymbolUtilities (~> 1.0)
  - Haneke (1.0.1)
  - Harpy (3.4.6)
  - KKGridView (0.6.8.2)
  - MBProgressHUD (0.9.1)
  - Reachability (3.1.1)
  - SDWebImage (3.7.5):
    - SDWebImage/Core (= 3.7.5)
  - SDWebImage/Core (3.7.5)
  - SMPageControl (1.2)
  - SVPullToRefresh (0.4.1)
  - SVWebViewController (1.0)
  - TAPageControl (0.2.0)
  - UriParser-cpp (0.1.3)
  - VideoCore (0.3.2):
    - boost (~> 1.51.0)
    - glm (~> 0.9.4.6)
    - UriParser-cpp (~> 0.1.3)
  - VKFoundation (0.1.1):
    - CocoaLumberjack (~> 1.7.0)
    - DTCoreText (~> 1.6.11)
    - FXImageView (~> 1.3.3)
    - Reachability (~> 3.1.1)
  - VKVideoPlayer (0.1.4):
    - CocoaLumberjack (~> 1.7.0)
    - DTCoreText (~> 1.6.11)
    - VKFoundation (= 0.1.1)
  - YSLContainerViewController (0.0.2)

DEPENDENCIES:
  - AFNetworking (= 2.2.1)
  - DXCustomCallout-ObjC
  - EAIntroView
  - FBSDKCoreKit
  - FBSDKLoginKit
  - FBSDKShareKit
  - FlatUIKit
  - FMDB
  - Google-Maps-iOS-Utils
  - Google/Analytics
  - GoogleMaps
  - GooglePlaces
  - Haneke
  - Harpy
  - KKGridView
  - MBProgressHUD
  - SDWebImage
  - SMPageControl
  - SVPullToRefresh
  - SVWebViewController
  - TAPageControl
  - VideoCore
  - VKVideoPlayer
  - YSLContainerViewController

SPEC CHECKSUMS:
  AFNetworking: 59a0b8e9ecd4e194d64b4967232cd2cc83490113
  Bolts: f52a250053bb517ca874523c3913776359ab3def
  boost: 6c5c8d8daef26ac83c1e1c00ad14de62b80161d7
  CocoaLumberjack: a2213b8410917a1a5ecfc5c63a4206edc24d3a5b
  DTCoreText: 934a16fe9ffdd169c96261721b39dc312b75713d
  DTFoundation: 46e2b2fafe78d67febfd8d1f85fe9845a093f00e
  DXCustomCallout-ObjC: fb223603ee148365de51c2d69bb10443943ff89b
  EAIntroView: 73abfa89caa311f450af876421d950b96679e845
  EARestrictedScrollView: f86d61e16c61d3e93c84f8e96e83122a2a3b7631
  FBSDKCoreKit: aee20b6d9855f15b618d4fddd1a5ad45f5a4a59d
  FBSDKLoginKit: ec22dc49bd372b064e93d6773df4ffefb3a552a2
  FBSDKShareKit: b8c8ef0ed173f9fc1b3c8df384a0202ce53008d4
  FlatUIKit: 1b41f0d4952ce8d970d8479ce79df54a960242c4
  FMDB: c1968bab3ab0aed38f66cb778ae1e7fa9a652b6e
  FXImageView: 7d84722b37f0afea9a64f12fdd4a6c7f9ecc4b16
  glm: e22c8d9df10404059b19c2952f9fa44d9a9f3056
  Google: 61379f0072bc561a7e174d23a6cbe41bd6d8599c
  Google-Maps-iOS-Utils: 7e3cd191e98ad5aae5282be9ed2e4e4fee3a327a
  GoogleAnalytics: 9be1afdb8deeac4bb5f13ca7f7d3b9db2a1f43dc
  GoogleInterchangeUtilities: 427382e42d8a340038bec37c6fdfd316e14b5fa2
  GoogleMaps: f09da64fc987c1aa29394567c3cab5a3df83c402
  GoogleNetworkingUtilities: ec1e9911aca811eb18b7144394fee6168b607785
  GooglePlaces: 72fab1d1651c6df0322f2aad245ffb15b80d3c56
  GoogleSymbolUtilities: eb3965ea12710569c7b80db198a39e39b18613f7
  GoogleUtilities: 85f8ad6b251544286a97163133d042ec95f889c5
  Haneke: d60be8b96b228633b24708dd153169d6849d6f78
  Harpy: dfb11cf2cb772e76257ba8a8b9145ed3cb374ae9
  KKGridView: 1fe80e1ff0d552516555fbb8dde89193866f9247
  MBProgressHUD: c47f2c166c126cf2ce36498d80f33e754d4e93ad
  Reachability: dd9aa4fb6667b9f787690a74f53cb7634ce99893
  SDWebImage: 69c6303e3348fba97e03f65d65d4fbc26740f461
  SMPageControl: 922892813001cfaf059e86e6801f46a967e9ee29
  SVPullToRefresh: ba2e718695a43253d8bea6852d2960097dc15d8c
  SVWebViewController: c36dda7326e81fcae0abf5d02bf7bbf7e41be901
  TAPageControl: fd11d779bbb5c2464ca2f55dde9e288213ea8a9b
  UriParser-cpp: cbbe00080ee432ec4833dca863a7fc83adc9b01a
  VideoCore: 9b783edd81b91a80c5599bae1f98e9c93ee029e7
  VKFoundation: a3d26de016870f705a256c5c6dbab57865c4e99a
  VKVideoPlayer: 75d0c44d8cd208dd01ae397d2e75c52cfc51dd19
  YSLContainerViewController: f4ca045a6965333db46d8c793483b07abb3a0508

COCOAPODS: 0.38.2
